
Microsoft Visual Studio Solution File, Format Version 12.00
# Visual Studio 15
VisualStudioVersion = 15.0.27130.2036
MinimumVisualStudioVersion = 10.0.40219.1
Project("{9A19103F-16F7-4668-BE54-9A1E7A4F7556}") = "MovieReminder", "MovieReminder\MovieReminder.csproj", "{812CF468-8267-4DEE-945B-16B532CAAAD8}"
EndProject
Global
	GlobalSection(SolutionConfigurationPlatforms) = preSolution
		Debug|Any CPU = Debug|Any CPU
		Release|Any CPU = Release|Any CPU
	EndGlobalSection
	GlobalSection(ProjectConfigurationPlatforms) = postSolution
		{812CF468-8267-4DEE-945B-16B532CAAAD8}.Debug|Any CPU.ActiveCfg = Debug|Any CPU
		{812CF468-8267-4DEE-945B-16B532CAAAD8}.Debug|Any CPU.Build.0 = Debug|Any CPU
		{812CF468-8267-4DEE-945B-16B532CAAAD8}.Release|Any CPU.ActiveCfg = Release|Any CPU
		{812CF468-8267-4DEE-945B-16B532CAAAD8}.Release|Any CPU.Build.0 = Release|Any CPU
	EndGlobalSection
	GlobalSection(SolutionProperties) = preSolution
		HideSolutionNode = FALSE
	EndGlobalSection
	GlobalSection(ExtensibilityGlobals) = postSolution
		SolutionGuid = {5DF10742-E726-4055-9CD3-FF85E52865C9}
	EndGlobalSection
EndGlobal
